github.com/go-ole/go-ole v1.3.0 h1:Dt6t7d5E3f3H4C1X0X2G5cYzW5Z8F5F5F5F5F5F5F5F=
github.com/go-ole/go-ole v1.3.0/go.mod h1:5f5F5F5F5F5F5F5F5F5F5F5F5F5F5F5F5F5F5F5F5F5=
github.com/lufia/plan9stats v0.0.0-20240512140420-560db5408f8a h1:3F6F5F5F5F5F5F5F5F5F5F5F5F5F5F5F5F5F5F5F5F5=
github.com/lufia/plan9stats v0.0.0-20240512140420-560db5408f8a/go.mod h1:5f5F5F5F5F5F5F5F5F5F5F5F5F5F5F5F5F5F5F5F5F5=
github.com/power-devops/perfstat v0.0.0-20240221224432-82ca36839d55 h1:3F6F5F5F5F5F5F5F5F5F5F5F5F5F5F5F5F5F5F5F5F5=
github.com/power-devops/perfstat v0.0.0-20240221224432-82ca36839d55/go.mod h1:5f5F5F5F5F5F5F5F5F5F5F5F5F5F5F5F5F5F5F5F5F5=
github.com/shirou/gopsutil/v4 v4.24.6 h1:5F5F5F5F5F5F5F5F5F5F5F5F5F5F5F5F5F5F5F5F5F5=
github.com/shirou/gopsutil/v4 v4.24.6/go.mod h1:5F5F5F5F5F5F5F5F5F5F5F5F5F5F5F5F5F5F5F5F5F5=
github.com/shoenig/go-m1cpu v0.1.6 h1:5F5F5F5F5F5F5F5F5F5F5F5F5F5F5F5F5F5F5F5F5F5=
github.com/shoenig/go-m1cpu v0.1.6/go.mod h1:5F5F5F5F5F5F5F5F5F5F5F5F5F5F5F5F5F5F5F5F5F5=
github.com/tklauser/go-sysconf v0.3.14 h1:5F5F5F5F5F5F5F5F5F5F5F5F5F5F5F5F5F5F5F5F5F5=
github.com/tklauser/go-sysconf v0.3.14/go.mod h1:5F5F5F5F5F5F5F5F5F5F5F5F5F5F5F5F5F5F5F5F5F5=
github.com/tklauser/numcpus v0.8.0 h1:5F5F5F5F5F5F5F5F5F5F5F5F5F5F5F5F5F5F5F5F5F5=
github.com/tklauser/numcpus v0.8.0/go.mod h1:5F5F5F5F5F5F5F5F5F5F5F5F5F5F5F5F5F5F5F5F5F5=
github.com/yusufpapurcu/wmi v1.2.4 h1:5F5F5F5F5F5F5F5F5F5F5F5F5F5F5F5F5F5F5F5F5F5=
github.com/yusufpapurcu/wmi v1.2.4/go.mod h1:5F5F5F5F5F5F5F5F5F5F5F5F5F5F5F5F5F5F5F5F5F5=
golang.org/x/sys v0.21.0 h1:5F5F5F5F5F5F5F5F5F5F5F5F5F5F5F5F5F5F5F5F5F5=
golang.org/x/sys v0.21.0/go.mod h1:5F5F5F5F5F5F5F5F5F5F5F5F5F5F5F5F5F5F5F5F5F5=